
Microsoft Visual Studio Solution File, Format Version 12.00
# Visual Studio Version 16
VisualStudioVersion = 16.0.29806.167
MinimumVisualStudioVersion = 10.0.40219.1
Project("{FAE04EC0-301F-11D3-BF4B-00C04F79EFBC}") = "WebAplication", "WebAplication.csproj", "{0CF6EAF5-9994-42C5-BED9-688F723ABF10}"
EndProject
Global
	GlobalSection(SolutionConfigurationPlatforms) = preSolution
		Debug|Any CPU = Debug|Any CPU
		Release|Any CPU = Release|Any CPU
	EndGlobalSection
	GlobalSection(ProjectConfigurationPlatforms) = postSolution
		{0CF6EAF5-9994-42C5-BED9-688F723ABF10}.Debug|Any CPU.ActiveCfg = Debug|Any CPU
		{0CF6EAF5-9994-42C5-BED9-688F723ABF10}.Debug|Any CPU.Build.0 = Debug|Any CPU
		{0CF6EAF5-9994-42C5-BED9-688F723ABF10}.Release|Any CPU.ActiveCfg = Release|Any CPU
		{0CF6EAF5-9994-42C5-BED9-688F723ABF10}.Release|Any CPU.Build.0 = Release|Any CPU
	EndGlobalSection
	GlobalSection(SolutionProperties) = preSolution
		HideSolutionNode = FALSE
	EndGlobalSection
	GlobalSection(ExtensibilityGlobals) = postSolution
		SolutionGuid = {795B9532-3D54-44F1-A48C-E03F120C1EEB}
	EndGlobalSection
EndGlobal
